// !$*UTF8*$!
{
	archiveVersion = 1;
	classes = {
	};
	objectVersion = 46;
	objects = {

/* Begin PBXBuildFile section */
		841519AD1CEF77FF0022B5FA /* AppDelegate.swift in Sources */ = {isa = PBXBuildFile; fileRef = 841519AC1CEF77FF0022B5FA /* AppDelegate.swift */; };
		841519AF1CEF77FF0022B5FA /* TableViewController.swift in Sources */ = {isa = PBXBuildFile; fileRef = 841519AE1CEF77FF0022B5FA /* TableViewController.swift */; };
		841519B11CEF77FF0022B5FA /* ImageViewController.swift in Sources */ = {isa = PBXBuildFile; fileRef = 841519B01CEF77FF0022B5FA /* ImageViewController.swift */; };
		841519B61CEF77FF0022B5FA /* Assets.xcassets in Resources */ = {isa = PBXBuildFile; fileRef = 841519B51CEF77FF0022B5FA /* Assets.xcassets */; };
		841519B91CEF77FF0022B5FA /* LaunchScreen.storyboard in Resources */ = {isa = PBXBuildFile; fileRef = 841519B71CEF77FF0022B5FA /* LaunchScreen.storyboard */; };
		841519C41CEF78000022B5FA /* OB500pxTests.swift in Sources */ = {isa = PBXBuildFile; fileRef = 841519C31CEF78000022B5FA /* OB500pxTests.swift */; };
		841519CF1CEF78000022B5FA /* OB500pxUITests.swift in Sources */ = {isa = PBXBuildFile; fileRef = 841519CE1CEF78000022B5FA /* OB500pxUITests.swift */; };
		841519DF1CEF7B8B0022B5FA /* RequestRouter.swift in Sources */ = {isa = PBXBuildFile; fileRef = 841519DE1CEF7B8B0022B5FA /* RequestRouter.swift */; };
		841519E21CEF85E70022B5FA /* Alamofire+SwiftyJSON.swift in Sources */ = {isa = PBXBuildFile; fileRef = 841519E11CEF85E70022B5FA /* Alamofire+SwiftyJSON.swift */; };
		84328A851CF0AE9D00A8B1F8 /* Main.storyboard in Resources */ = {isa = PBXBuildFile; fileRef = 841519B21CEF77FF0022B5FA /* Main.storyboard */; };
		84328A8D1CF0C82300A8B1F8 /* Model in Resources */ = {isa = PBXBuildFile; fileRef = 84328A8C1CF0C82300A8B1F8 /* Model */; };
		ECC2B885D54BEEE1E29C523B /* Pods_OB500px.framework in Frameworks */ = {isa = PBXBuildFile; fileRef = AA1DA4503A43E6225944078C /* Pods_OB500px.framework */; };
/* End PBXBuildFile section */

/* Begin PBXContainerItemProxy section */
		841519C01CEF78000022B5FA /* PBXContainerItemProxy */ = {
			isa = PBXContainerItemProxy;
			containerPortal = 841519A11CEF77FE0022B5FA /* Project object */;
			proxyType = 1;
			remoteGlobalIDString = 841519A81CEF77FE0022B5FA;
			remoteInfo = OB500px;
		};
		841519CB1CEF78000022B5FA /* PBXContainerItemProxy */ = {
			isa = PBXContainerItemProxy;
			containerPortal = 841519A11CEF77FE0022B5FA /* Project object */;
			proxyType = 1;
			remoteGlobalIDString = 841519A81CEF77FE0022B5FA;
			remoteInfo = OB500px;
		};
/* End PBXContainerItemProxy section */

/* Begin PBXFileReference section */
		841519A91CEF77FF0022B5FA /* OB500px.app */ = {isa = PBXFileReference; explicitFileType = wrapper.application; includeInIndex = 0; path = OB500px.app; sourceTree = BUILT_PRODUCTS_DIR; };
		841519AC1CEF77FF0022B5FA /* AppDelegate.swift */ = {isa = PBXFileReference; lastKnownFileType = sourcecode.swift; path = AppDelegate.swift; sourceTree = "<group>"; };
		841519AE1CEF77FF0022B5FA /* TableViewController.swift */ = {isa = PBXFileReference; lastKnownFileType = sourcecode.swift; path = TableViewController.swift; sourceTree = "<group>"; };
		841519B01CEF77FF0022B5FA /* ImageViewController.swift */ = {isa = PBXFileReference; lastKnownFileType = sourcecode.swift; path = ImageViewController.swift; sourceTree = "<group>"; };
		841519B31CEF77FF0022B5FA /* Base */ = {isa = PBXFileReference; lastKnownFileType = file.storyboard; name = Base; path = Base.lproj/Main.storyboard; sourceTree = "<group>"; };
		841519B51CEF77FF0022B5FA /* Assets.xcassets */ = {isa = PBXFileReference; lastKnownFileType = folder.assetcatalog; path = Assets.xcassets; sourceTree = "<group>"; };
		841519B81CEF77FF0022B5FA /* Base */ = {isa = PBXFileReference; lastKnownFileType = file.storyboard; name = Base; path = Base.lproj/LaunchScreen.storyboard; sourceTree = "<group>"; };
		841519BA1CEF77FF0022B5FA /* Info.plist */ = {isa = PBXFileReference; lastKnownFileType = text.plist.xml; path = Info.plist; sourceTree = "<group>"; };
		841519BF1CEF78000022B5FA /* OB500pxTests.xctest */ = {isa = PBXFileReference; explicitFileType = wrapper.cfbundle; includeInIndex = 0; path = OB500pxTests.xctest; sourceTree = BUILT_PRODUCTS_DIR; };
		841519C31CEF78000022B5FA /* OB500pxTests.swift */ = {isa = PBXFileReference; lastKnownFileType = sourcecode.swift; path = OB500pxTests.swift; sourceTree = "<group>"; };
		841519C51CEF78000022B5FA /* Info.plist */ = {isa = PBXFileReference; lastKnownFileType = text.plist.xml; path = Info.plist; sourceTree = "<group>"; };
		841519CA1CEF78000022B5FA /* OB500pxUITests.xctest */ = {isa = PBXFileReference; explicitFileType = wrapper.cfbundle; includeInIndex = 0; path = OB500pxUITests.xctest; sourceTree = BUILT_PRODUCTS_DIR; };
		841519CE1CEF78000022B5FA /* OB500pxUITests.swift */ = {isa = PBXFileReference; lastKnownFileType = sourcecode.swift; path = OB500pxUITests.swift; sourceTree = "<group>"; };
		841519D01CEF78000022B5FA /* Info.plist */ = {isa = PBXFileReference; lastKnownFileType = text.plist.xml; path = Info.plist; sourceTree = "<group>"; };
		841519DE1CEF7B8B0022B5FA /* RequestRouter.swift */ = {isa = PBXFileReference; fileEncoding = 4; lastKnownFileType = sourcecode.swift; path = RequestRouter.swift; sourceTree = "<group>"; };
		841519E11CEF85E70022B5FA /* Alamofire+SwiftyJSON.swift */ = {isa = PBXFileReference; fileEncoding = 4; lastKnownFileType = sourcecode.swift; path = "Alamofire+SwiftyJSON.swift"; sourceTree = "<group>"; };
		84328A8C1CF0C82300A8B1F8 /* Model */ = {isa = PBXFileReference; lastKnownFileType = folder; path = Model; sourceTree = "<group>"; };
		A9B749392D51DF078A2BB7F2 /* Pods-OB500px.release.xcconfig */ = {isa = PBXFileReference; includeInIndex = 1; lastKnownFileType = text.xcconfig; name = "Pods-OB500px.release.xcconfig"; path = "Pods/Target Support Files/Pods-OB500px/Pods-OB500px.release.xcconfig"; sourceTree = "<group>"; };
		AA1DA4503A43E6225944078C /* Pods_OB500px.framework */ = {isa = PBXFileReference; explicitFileType = wrapper.framework; includeInIndex = 0; path = Pods_OB500px.framework; sourceTree = BUILT_PRODUCTS_DIR; };
		F8C15A8EA8A007D90A9EFBB2 /* Pods-OB500px.debug.xcconfig */ = {isa = PBXFileReference; includeInIndex = 1; lastKnownFileType = text.xcconfig; name = "Pods-OB500px.debug.xcconfig"; path = "Pods/Target Support Files/Pods-OB500px/Pods-OB500px.debug.xcconfig"; sourceTree = "<group>"; };
/* End PBXFileReference section */

/* Begin PBXFrameworksBuildPhase section */
		841519A61CEF77FE0022B5FA /* Frameworks */ = {
			isa = PBXFrameworksBuildPhase;
			buildActionMask = 2147483647;
			files = (
				ECC2B885D54BEEE1E29C523B /* Pods_OB500px.framework in Frameworks */,
			);
			runOnlyForDeploymentPostprocessing = 0;
		};
		841519BC1CEF78000022B5FA /* Frameworks */ = {
			isa = PBXFrameworksBuildPhase;
			buildActionMask = 2147483647;
			files = (
			);
			runOnlyForDeploymentPostprocessing = 0;
		};
		841519C71CEF78000022B5FA /* Frameworks */ = {
			isa = PBXFrameworksBuildPhase;
			buildActionMask = 2147483647;
			files = (
			);
			runOnlyForDeploymentPostprocessing = 0;
		};
/* End PBXFrameworksBuildPhase section */

/* Begin PBXGroup section */
		6C08FBA0EB6D4435E56E9891 /* Pods */ = {
			isa = PBXGroup;
			children = (
				F8C15A8EA8A007D90A9EFBB2 /* Pods-OB500px.debug.xcconfig */,
				A9B749392D51DF078A2BB7F2 /* Pods-OB500px.release.xcconfig */,
			);
			name = Pods;
			sourceTree = "<group>";
		};
		742B87A2CDEE28D666FF076B /* Frameworks */ = {
			isa = PBXGroup;
			children = (
				AA1DA4503A43E6225944078C /* Pods_OB500px.framework */,
			);
			name = Frameworks;
			sourceTree = "<group>";
		};
		841519A01CEF77FE0022B5FA = {
			isa = PBXGroup;
			children = (
				841519AB1CEF77FF0022B5FA /* OB500px */,
				841519C21CEF78000022B5FA /* OB500pxTests */,
				841519CD1CEF78000022B5FA /* OB500pxUITests */,
				841519AA1CEF77FF0022B5FA /* Products */,
				6C08FBA0EB6D4435E56E9891 /* Pods */,
				742B87A2CDEE28D666FF076B /* Frameworks */,
			);
			sourceTree = "<group>";
		};
		841519AA1CEF77FF0022B5FA /* Products */ = {
			isa = PBXGroup;
			children = (
				841519A91CEF77FF0022B5FA /* OB500px.app */,
				841519BF1CEF78000022B5FA /* OB500pxTests.xctest */,
				841519CA1CEF78000022B5FA /* OB500pxUITests.xctest */,
			);
			name = Products;
			sourceTree = "<group>";
		};
		841519AB1CEF77FF0022B5FA /* OB500px */ = {
			isa = PBXGroup;
			children = (
				841519AC1CEF77FF0022B5FA /* AppDelegate.swift */,
				841519B01CEF77FF0022B5FA /* ImageViewController.swift */,
				841519DE1CEF7B8B0022B5FA /* RequestRouter.swift */,
				841519AE1CEF77FF0022B5FA /* TableViewController.swift */,
				84328A8C1CF0C82300A8B1F8 /* Model */,
				841519E01CEF85B90022B5FA /* Extensions */,
				841519DC1CEF781D0022B5FA /* Supporting files */,
			);
			path = OB500px;
			sourceTree = "<group>";
		};
		841519C21CEF78000022B5FA /* OB500pxTests */ = {
			isa = PBXGroup;
			children = (
				841519C31CEF78000022B5FA /* OB500pxTests.swift */,
				841519C51CEF78000022B5FA /* Info.plist */,
			);
			path = OB500pxTests;
			sourceTree = "<group>";
		};
		841519CD1CEF78000022B5FA /* OB500pxUITests */ = {
			isa = PBXGroup;
			children = (
				841519CE1CEF78000022B5FA /* OB500pxUITests.swift */,
				841519D01CEF78000022B5FA /* Info.plist */,
			);
			path = OB500pxUITests;
			sourceTree = "<group>";
		};
		841519DC1CEF781D0022B5FA /* Supporting files */ = {
			isa = PBXGroup;
			children = (
				841519B21CEF77FF0022B5FA /* Main.storyboard */,
				841519B51CEF77FF0022B5FA /* Assets.xcassets */,
				841519B71CEF77FF0022B5FA /* LaunchScreen.storyboard */,
				841519BA1CEF77FF0022B5FA /* Info.plist */,
			);
			name = "Supporting files";
			sourceTree = "<group>";
		};
		841519E01CEF85B90022B5FA /* Extensions */ = {
			isa = PBXGroup;
			children = (
				841519E11CEF85E70022B5FA /* Alamofire+SwiftyJSON.swift */,
			);
			name = Extensions;
			sourceTree = "<group>";
		};
/* End PBXGroup section */

/* Begin PBXNativeTarget section */
		841519A81CEF77FE0022B5FA /* OB500px */ = {
			isa = PBXNativeTarget;
			buildConfigurationList = 841519D31CEF78000022B5FA /* Build configuration list for PBXNativeTarget "OB500px" */;
			buildPhases = (
				A03D2FA398C4781EBFA3AA9F /* 📦 Check Pods Manifest.lock */,
				841519A51CEF77FE0022B5FA /* Sources */,
				841519A61CEF77FE0022B5FA /* Frameworks */,
				841519A71CEF77FE0022B5FA /* Resources */,
				4268FD8DDDDD7720945CEAE1 /* 📦 Embed Pods Frameworks */,
				A0418EC19071B8CEDA0E0301 /* 📦 Copy Pods Resources */,
			);
			buildRules = (
			);
			dependencies = (
			);
			name = OB500px;
			productName = OB500px;
			productReference = 841519A91CEF77FF0022B5FA /* OB500px.app */;
			productType = "com.apple.product-type.application";
		};
		841519BE1CEF78000022B5FA /* OB500pxTests */ = {
			isa = PBXNativeTarget;
			buildConfigurationList = 841519D61CEF78000022B5FA /* Build configuration list for PBXNativeTarget "OB500pxTests" */;
			buildPhases = (
				841519BB1CEF78000022B5FA /* Sources */,
				841519BC1CEF78000022B5FA /* Frameworks */,
				841519BD1CEF78000022B5FA /* Resources */,
			);
			buildRules = (
			);
			dependencies = (
				841519C11CEF78000022B5FA /* PBXTargetDependency */,
			);
			name = OB500pxTests;
			productName = OB500pxTests;
			productReference = 841519BF1CEF78000022B5FA /* OB500pxTests.xctest */;
			productType = "com.apple.product-type.bundle.unit-test";
		};
		841519C91CEF78000022B5FA /* OB500pxUITests */ = {
			isa = PBXNativeTarget;
			buildConfigurationList = 841519D91CEF78000022B5FA /* Build configuration list for PBXNativeTarget "OB500pxUITests" */;
			buildPhases = (
				841519C61CEF78000022B5FA /* Sources */,
				841519C71CEF78000022B5FA /* Frameworks */,
				841519C81CEF78000022B5FA /* Resources */,
			);
			buildRules = (
			);
			dependencies = (
				841519CC1CEF78000022B5FA /* PBXTargetDependency */,
			);
			name = OB500pxUITests;
			productName = OB500pxUITests;
			productReference = 841519CA1CEF78000022B5FA /* OB500pxUITests.xctest */;
			productType = "com.apple.product-type.bundle.ui-testing";
		};
/* End PBXNativeTarget section */

/* Begin PBXProject section */
		841519A11CEF77FE0022B5FA /* Project object */ = {
			isa = PBXProject;
			attributes = {
				LastSwiftUpdateCheck = 0730;
				LastUpgradeCheck = 0730;
				ORGANIZATIONNAME = Bretsko;
				TargetAttributes = {
					841519A81CEF77FE0022B5FA = {
						CreatedOnToolsVersion = 7.3.1;
					};
					841519BE1CEF78000022B5FA = {
						CreatedOnToolsVersion = 7.3.1;
						DevelopmentTeam = EX4B795X37;
						TestTargetID = 841519A81CEF77FE0022B5FA;
					};
					841519C91CEF78000022B5FA = {
						CreatedOnToolsVersion = 7.3.1;
						DevelopmentTeam = EX4B795X37;
						TestTargetID = 841519A81CEF77FE0022B5FA;
					};
				};
			};
			buildConfigurationList = 841519A41CEF77FE0022B5FA /* Build configuration list for PBXProject "OB500px" */;
			compatibilityVersion = "Xcode 3.2";
			developmentRegion = English;
			hasScannedForEncodings = 0;
			knownRegions = (
				en,
				Base,
			);
			mainGroup = 841519A01CEF77FE0022B5FA;
			productRefGroup = 841519AA1CEF77FF0022B5FA /* Products */;
			projectDirPath = "";
			projectRoot = "";
			targets = (
				841519A81CEF77FE0022B5FA /* OB500px */,
				841519BE1CEF78000022B5FA /* OB500pxTests */,
				841519C91CEF78000022B5FA /* OB500pxUITests */,
			);
		};
/* End PBXProject section */

/* Begin PBXResourcesBuildPhase section */
		841519A71CEF77FE0022B5FA /* Resources */ = {
			isa = PBXResourcesBuildPhase;
			buildActionMask = 2147483647;
			files = (
				84328A851CF0AE9D00A8B1F8 /* Main.storyboard in Resources */,
				841519B91CEF77FF0022B5FA /* LaunchScreen.storyboard in Resources */,
				84328A8D1CF0C82300A8B1F8 /* Model in Resources */,
				841519B61CEF77FF0022B5FA /* Assets.xcassets in Resources */,
			);
			runOnlyForDeploymentPostprocessing = 0;
		};
		841519BD1CEF78000022B5FA /* Resources */ = {
			isa = PBXResourcesBuildPhase;
			buildActionMask = 2147483647;
			files = (
			);
			runOnlyForDeploymentPostprocessing = 0;
		};
		841519C81CEF78000022B5FA /* Resources */ = {
			isa = PBXResourcesBuildPhase;
			buildActionMask = 2147483647;
			files = (
			);
			runOnlyForDeploymentPostprocessing = 0;
		};
/* End PBXResourcesBuildPhase section */

/* Begin PBXShellScriptBuildPhase section */
		4268FD8DDDDD7720945CEAE1 /* 📦 Embed Pods Frameworks */ = {
			isa = PBXShellScriptBuildPhase;
			buildActionMask = 2147483647;
			files = (
			);
			inputPaths = (
			);
			name = "📦 Embed Pods Frameworks";
			outputPaths = (
			);
			runOnlyForDeploymentPostprocessing = 0;
			shellPath = /bin/sh;
			shellScript = "\"${SRCROOT}/Pods/Target Support Files/Pods-OB500px/Pods-OB500px-frameworks.sh\"\n";
			showEnvVarsInLog = 0;
		};
		A03D2FA398C4781EBFA3AA9F /* 📦 Check Pods Manifest.lock */ = {
			isa = PBXShellScriptBuildPhase;
			buildActionMask = 2147483647;
			files = (
			);
			inputPaths = (
			);
			name = "📦 Check Pods Manifest.lock";
			outputPaths = (
			);
			runOnlyForDeploymentPostprocessing = 0;
			shellPath = /bin/sh;
			shellScript = "diff \"${PODS_ROOT}/../Podfile.lock\" \"${PODS_ROOT}/Manifest.lock\" > /dev/null\nif [[ $? != 0 ]] ; then\n    cat << EOM\nerror: The sandbox is not in sync with the Podfile.lock. Run 'pod install' or update your CocoaPods installation.\nEOM\n    exit 1\nfi\n";
			showEnvVarsInLog = 0;
		};
		A0418EC19071B8CEDA0E0301 /* 📦 Copy Pods Resources */ = {
			isa = PBXShellScriptBuildPhase;
			buildActionMask = 2147483647;
			files = (
			);
			inputPaths = (
			);
			name = "📦 Copy Pods Resources";
			outputPaths = (
			);
			runOnlyForDeploymentPostprocessing = 0;
			shellPath = /bin/sh;
			shellScript = "\"${SRCROOT}/Pods/Target Support Files/Pods-OB500px/Pods-OB500px-resources.sh\"\n";
			showEnvVarsInLog = 0;
		};
/* End PBXShellScriptBuildPhase section */

/* Begin PBXSourcesBuildPhase section */
		841519A51CEF77FE0022B5FA /* Sources */ = {
			isa = PBXSourcesBuildPhase;
			buildActionMask = 2147483647;
			files = (
				841519DF1CEF7B8B0022B5FA /* RequestRouter.swift in Sources */,
				841519B11CEF77FF0022B5FA /* ImageViewController.swift in Sources */,
				841519AF1CEF77FF0022B5FA /* TableViewController.swift in Sources */,
				841519AD1CEF77FF0022B5FA /* AppDelegate.swift in Sources */,
				841519E21CEF85E70022B5FA /* Alamofire+SwiftyJSON.swift in Sources */,
			);
			runOnlyForDeploymentPostprocessing = 0;
		};
		841519BB1CEF78000022B5FA /* Sources */ = {
			isa = PBXSourcesBuildPhase;
			buildActionMask = 2147483647;
			files = (
				841519C41CEF78000022B5FA /* OB500pxTests.swift in Sources */,
			);
			runOnlyForDeploymentPostprocessing = 0;
		};
		841519C61CEF78000022B5FA /* Sources */ = {
			isa = PBXSourcesBuildPhase;
			buildActionMask = 2147483647;
			files = (
				841519CF1CEF78000022B5FA /* OB500pxUITests.swift in Sources */,
			);
			runOnlyForDeploymentPostprocessing = 0;
		};
/* End PBXSourcesBuildPhase section */

/* Begin PBXTargetDependency section */
		841519C11CEF78000022B5FA /* PBXTargetDependency */ = {
			isa = PBXTargetDependency;
			target = 841519A81CEF77FE0022B5FA /* OB500px */;
			targetProxy = 841519C01CEF78000022B5FA /* PBXContainerItemProxy */;
		};
		841519CC1CEF78000022B5FA /* PBXTargetDependency */ = {
			isa = PBXTargetDependency;
			target = 841519A81CEF77FE0022B5FA /* OB500px */;
			targetProxy = 841519CB1CEF78000022B5FA /* PBXContainerItemProxy */;
		};
/* End PBXTargetDependency section */

/* Begin PBXVariantGroup section */
		841519B21CEF77FF0022B5FA /* Main.storyboard */ = {
			isa = PBXVariantGroup;
			children = (
				841519B31CEF77FF0022B5FA /* Base */,
			);
			name = Main.storyboard;
			sourceTree = "<group>";
		};
		841519B71CEF77FF0022B5FA /* LaunchScreen.storyboard */ = {
			isa = PBXVariantGroup;
			children = (
				841519B81CEF77FF0022B5FA /* Base */,
			);
			name = LaunchScreen.storyboard;
			sourceTree = "<group>";
		};
/* End PBXVariantGroup section */

/* Begin XCBuildConfiguration section */
		841519D11CEF78000022B5FA /* Debug */ = {
			isa = XCBuildConfiguration;
			buildSettings = {
				ALWAYS_SEARCH_USER_PATHS = NO;
				CLANG_ANALYZER_NONNULL = YES;
				CLANG_CXX_LANGUAGE_STANDARD = "gnu++0x";
				CLANG_CXX_LIBRARY = "libc++";
				CLANG_ENABLE_MODULES = YES;
				CLANG_ENABLE_OBJC_ARC = YES;
				CLANG_WARN_BOOL_CONVERSION = YES;
				CLANG_WARN_CONSTANT_CONVERSION = YES;
				CLANG_WARN_DIRECT_OBJC_ISA_USAGE = YES_ERROR;
				CLANG_WARN_EMPTY_BODY = YES;
				CLANG_WARN_ENUM_CONVERSION = YES;
				CLANG_WARN_INT_CONVERSION = YES;
				CLANG_WARN_OBJC_ROOT_CLASS = YES_ERROR;
				CLANG_WARN_UNREACHABLE_CODE = YES;
				CLANG_WARN__DUPLICATE_METHOD_MATCH = YES;
				"CODE_SIGN_IDENTITY[sdk=iphoneos*]" = "iPhone Developer";
				COPY_PHASE_STRIP = NO;
				DEBUG_INFORMATION_FORMAT = dwarf;
				ENABLE_STRICT_OBJC_MSGSEND = YES;
				ENABLE_TESTABILITY = YES;
				GCC_C_LANGUAGE_STANDARD = gnu99;
				GCC_DYNAMIC_NO_PIC = NO;
				GCC_NO_COMMON_BLOCKS = YES;
				GCC_OPTIMIZATION_LEVEL = 0;
				GCC_PREPROCESSOR_DEFINITIONS = (
					"DEBUG=1",
					"$(inherited)",
				);
				GCC_WARN_64_TO_32_BIT_CONVERSION = YES;
				GCC_WARN_ABOUT_RETURN_TYPE = YES_ERROR;
				GCC_WARN_UNDECLARED_SELECTOR = YES;
				GCC_WARN_UNINITIALIZED_AUTOS = YES_AGGRESSIVE;
				GCC_WARN_UNUSED_FUNCTION = YES;
				GCC_WARN_UNUSED_VARIABLE = YES;
				IPHONEOS_DEPLOYMENT_TARGET = 9.3;
				MTL_ENABLE_DEBUG_INFO = YES;
				ONLY_ACTIVE_ARCH = YES;
				SDKROOT = iphoneos;
				SWIFT_OPTIMIZATION_LEVEL = "-Onone";
				TARGETED_DEVICE_FAMILY = "1,2";
			};
			name = Debug;
		};
		841519D21CEF78000022B5FA /* Release */ = {
			isa = XCBuildConfiguration;
			buildSettings = {
				ALWAYS_SEARCH_USER_PATHS = NO;
				CLANG_ANALYZER_NONNULL = YES;
				CLANG_CXX_LANGUAGE_STANDARD = "gnu++0x";
				CLANG_CXX_LIBRARY = "libc++";
				CLANG_ENABLE_MODULES = YES;
				CLANG_ENABLE_OBJC_ARC = YES;
				CLANG_WARN_BOOL_CONVERSION = YES;
				CLANG_WARN_CONSTANT_CONVERSION = YES;
				CLANG_WARN_DIRECT_OBJC_ISA_USAGE = YES_ERROR;
				CLANG_WARN_EMPTY_BODY = YES;
				CLANG_WARN_ENUM_CONVERSION = YES;
				CLANG_WARN_INT_CONVERSION = YES;
				CLANG_WARN_OBJC_ROOT_CLASS = YES_ERROR;
				CLANG_WARN_UNREACHABLE_CODE = YES;
				CLANG_WARN__DUPLICATE_METHOD_MATCH = YES;
				"CODE_SIGN_IDENTITY[sdk=iphoneos*]" = "iPhone Developer";
				COPY_PHASE_STRIP = NO;
				DEBUG_INFORMATION_FORMAT = "dwarf-with-dsym";
				ENABLE_NS_ASSERTIONS = NO;
				ENABLE_STRICT_OBJC_MSGSEND = YES;
				GCC_C_LANGUAGE_STANDARD = gnu99;
				GCC_NO_COMMON_BLOCKS = YES;
				GCC_WARN_64_TO_32_BIT_CONVERSION = YES;
				GCC_WARN_ABOUT_RETURN_TYPE = YES_ERROR;
				GCC_WARN_UNDECLARED_SELECTOR = YES;
				GCC_WARN_UNINITIALIZED_AUTOS = YES_AGGRESSIVE;
				GCC_WARN_UNUSED_FUNCTION = YES;
				GCC_WARN_UNUSED_VARIABLE = YES;
				IPHONEOS_DEPLOYMENT_TARGET = 9.3;
				MTL_ENABLE_DEBUG_INFO = NO;
				SDKROOT = iphoneos;
				TARGETED_DEVICE_FAMILY = "1,2";
				VALIDATE_PRODUCT = YES;
			};
			name = Release;
		};
		841519D41CEF78000022B5FA /* Debug */ = {
			isa = XCBuildConfiguration;
			baseConfigurationReference = F8C15A8EA8A007D90A9EFBB2 /* Pods-OB500px.debug.xcconfig */;
			buildSettings = {
				ASSETCATALOG_COMPILER_APPICON_NAME = AppIcon;
				CODE_SIGN_IDENTITY = "iPhone Developer";
				INFOPLIST_FILE = OB500px/Info.plist;
				IPHONEOS_DEPLOYMENT_TARGET = 9.3;
				LD_RUNPATH_SEARCH_PATHS = "$(inherited) @executable_path/Frameworks";
				PRODUCT_BUNDLE_IDENTIFIER = bretsko.OB500px;
				PRODUCT_NAME = "$(TARGET_NAME)";
			};
			name = Debug;
		};
		841519D51CEF78000022B5FA /* Release */ = {
			isa = XCBuildConfiguration;
			baseConfigurationReference = A9B749392D51DF078A2BB7F2 /* Pods-OB500px.release.xcconfig */;
			buildSettings = {
				ASSETCATALOG_COMPILER_APPICON_NAME = AppIcon;
				CODE_SIGN_IDENTITY = "iPhone Developer";
				INFOPLIST_FILE = OB500px/Info.plist;
				IPHONEOS_DEPLOYMENT_TARGET = 9.3;
				LD_RUNPATH_SEARCH_PATHS = "$(inherited) @executable_path/Frameworks";
				PRODUCT_BUNDLE_IDENTIFIER = bretsko.OB500px;
				PRODUCT_NAME = "$(TARGET_NAME)";
			};
			name = Release;
		};
		841519D71CEF78000022B5FA /* Debug */ = {
			isa = XCBuildConfiguration;
			buildSettings = {
				BUNDLE_LOADER = "$(TEST_HOST)";
				INFOPLIST_FILE = OB500pxTests/Info.plist;
				LD_RUNPATH_SEARCH_PATHS = "$(inherited) @executable_path/Frameworks @loader_path/Frameworks";
				PRODUCT_BUNDLE_IDENTIFIER = bretsko.OB500pxTests;
				PRODUCT_NAME = "$(TARGET_NAME)";
				TEST_HOST = "$(BUILT_PRODUCTS_DIR)/OB500px.app/OB500px";
			};
			name = Debug;
		};
		841519D81CEF78000022B5FA /* Release */ = {
			isa = XCBuildConfiguration;
			buildSettings = {
				BUNDLE_LOADER = "$(TEST_HOST)";
				INFOPLIST_FILE = OB500pxTests/Info.plist;
				LD_RUNPATH_SEARCH_PATHS = "$(inherited) @executable_path/Frameworks @loader_path/Frameworks";
				PRODUCT_BUNDLE_IDENTIFIER = bretsko.OB500pxTests;
				PRODUCT_NAME = "$(TARGET_NAME)";
				TEST_HOST = "$(BUILT_PRODUCTS_DIR)/OB500px.app/OB500px";
			};
			name = Release;
		};
		841519DA1CEF78000022B5FA /* Debug */ = {
			isa = XCBuildConfiguration;
			buildSettings = {
				INFOPLIST_FILE = OB500pxUITests/Info.plist;
				LD_RUNPATH_SEARCH_PATHS = "$(inherited) @executable_path/Frameworks @loader_path/Frameworks";
				PRODUCT_BUNDLE_IDENTIFIER = bretsko.OB500pxUITests;
				PRODUCT_NAME = "$(TARGET_NAME)";
				TEST_TARGET_NAME = OB500px;
			};
			name = Debug;
		};
		841519DB1CEF78000022B5FA /* Release */ = {
			isa = XCBuildConfiguration;
			buildSettings = {
				INFOPLIST_FILE = OB500pxUITests/Info.plist;
				LD_RUNPATH_SEARCH_PATHS = "$(inherited) @executable_path/Frameworks @loader_path/Frameworks";
				PRODUCT_BUNDLE_IDENTIFIER = bretsko.OB500pxUITests;
				PRODUCT_NAME = "$(TARGET_NAME)";
				TEST_TARGET_NAME = OB500px;
			};
			name = Release;
		};
/* End XCBuildConfiguration section */

/* Begin XCConfigurationList section */
		841519A41CEF77FE0022B5FA /* Build configuration list for PBXProject "OB500px" */ = {
			isa = XCConfigurationList;
			buildConfigurations = (
				841519D11CEF78000022B5FA /* Debug */,
				841519D21CEF78000022B5FA /* Release */,
			);
			defaultConfigurationIsVisible = 0;
			defaultConfigurationName = Release;
		};
		841519D31CEF78000022B5FA /* Build configuration list for PBXNativeTarget "OB500px" */ = {
			isa = XCConfigurationList;
			buildConfigurations = (
				841519D41CEF78000022B5FA /* Debug */,
				841519D51CEF78000022B5FA /* Release */,
			);
			defaultConfigurationIsVisible = 0;
			defaultConfigurationName = Release;
		};
		841519D61CEF78000022B5FA /* Build configuration list for PBXNativeTarget "OB500pxTests" */ = {
			isa = XCConfigurationList;
			buildConfigurations = (
				841519D71CEF78000022B5FA /* Debug */,
				841519D81CEF78000022B5FA /* Release */,
			);
			defaultConfigurationIsVisible = 0;
			defaultConfigurationName = Release;
		};
		841519D91CEF78000022B5FA /* Build configuration list for PBXNativeTarget "OB500pxUITests" */ = {
			isa = XCConfigurationList;
			buildConfigurations = (
				841519DA1CEF78000022B5FA /* Debug */,
				841519DB1CEF78000022B5FA /* Release */,
			);
			defaultConfigurationIsVisible = 0;
			defaultConfigurationName = Release;
		};
/* End XCConfigurationList section */
	};
	rootObject = 841519A11CEF77FE0022B5FA /* Project object */;
}
